
Microsoft Visual Studio Solution File, Format Version 12.00
# Visual Studio Version 16
VisualStudioVersion = 16.0.30225.117
MinimumVisualStudioVersion = 10.0.40219.1
Project("{FAE04EC0-301F-11D3-BF4B-00C04F79EFBC}") = "PrototypeShallow", "PrototypeShallow\PrototypeShallow.csproj", "{D06CC3B8-DFA7-4A23-A900-BB58F8FB40BB}"
EndProject
Global
	GlobalSection(SolutionConfigurationPlatforms) = preSolution
		Debug|Any CPU = Debug|Any CPU
		Release|Any CPU = Release|Any CPU
	EndGlobalSection
	GlobalSection(ProjectConfigurationPlatforms) = postSolution
		{D06CC3B8-DFA7-4A23-A900-BB58F8FB40BB}.Debug|Any CPU.ActiveCfg = Debug|Any CPU
		{D06CC3B8-DFA7-4A23-A900-BB58F8FB40BB}.Debug|Any CPU.Build.0 = Debug|Any CPU
		{D06CC3B8-DFA7-4A23-A900-BB58F8FB40BB}.Release|Any CPU.ActiveCfg = Release|Any CPU
		{D06CC3B8-DFA7-4A23-A900-BB58F8FB40BB}.Release|Any CPU.Build.0 = Release|Any CPU
	EndGlobalSection
	GlobalSection(SolutionProperties) = preSolution
		HideSolutionNode = FALSE
	EndGlobalSection
	GlobalSection(ExtensibilityGlobals) = postSolution
		SolutionGuid = {DB9B4A88-CD71-46B8-9EF1-56959A9C6565}
	EndGlobalSection
EndGlobal
